// !$*UTF8*$!
{
	archiveVersion = 1;
	classes = {
	};
	objectVersion = 46;
	objects = {

/* Begin PBXBuildFile section */
		B929975F151979FC007AE28A /* UIKit.framework in Frameworks */ = {isa = PBXBuildFile; fileRef = B929975E151979FC007AE28A /* UIKit.framework */; };
		B9299761151979FC007AE28A /* Foundation.framework in Frameworks */ = {isa = PBXBuildFile; fileRef = B9299760151979FC007AE28A /* Foundation.framework */; };
		B9299763151979FC007AE28A /* CoreGraphics.framework in Frameworks */ = {isa = PBXBuildFile; fileRef = B9299762151979FC007AE28A /* CoreGraphics.framework */; };
		B9299769151979FC007AE28A /* InfoPlist.strings in Resources */ = {isa = PBXBuildFile; fileRef = B9299767151979FC007AE28A /* InfoPlist.strings */; };
		B929976B151979FC007AE28A /* main.m in Sources */ = {isa = PBXBuildFile; fileRef = B929976A151979FC007AE28A /* main.m */; };
		B929976F151979FC007AE28A /* AppDelegate.m in Sources */ = {isa = PBXBuildFile; fileRef = B929976E151979FC007AE28A /* AppDelegate.m */; };
		B9299772151979FC007AE28A /* MainStoryboard.storyboard in Resources */ = {isa = PBXBuildFile; fileRef = B9299770151979FC007AE28A /* MainStoryboard.storyboard */; };
		B9299775151979FC007AE28A /* ViewController.m in Sources */ = {isa = PBXBuildFile; fileRef = B9299774151979FC007AE28A /* ViewController.m */; };
		B929977E15197A3B007AE28A /* ManagerSQLiteSingleton.m in Sources */ = {isa = PBXBuildFile; fileRef = B929977C15197A3B007AE28A /* ManagerSQLiteSingleton.m */; };
		B929977F15197A3B007AE28A /* scriptDB.sql in Resources */ = {isa = PBXBuildFile; fileRef = B929977D15197A3B007AE28A /* scriptDB.sql */; };
		B929978115197D81007AE28A /* libsqlite3.dylib in Frameworks */ = {isa = PBXBuildFile; fileRef = B929978015197D81007AE28A /* libsqlite3.dylib */; };
		B974C1CD151AB22F001D770E /* sqlite3.png in Resources */ = {isa = PBXBuildFile; fileRef = B974C1CC151AB22F001D770E /* sqlite3.png */; };
/* End PBXBuildFile section */

/* Begin PBXFileReference section */
		B929975A151979FC007AE28A /* iBrowserSQLite.app */ = {isa = PBXFileReference; explicitFileType = wrapper.application; includeInIndex = 0; path = iBrowserSQLite.app; sourceTree = BUILT_PRODUCTS_DIR; };
		B929975E151979FC007AE28A /* UIKit.framework */ = {isa = PBXFileReference; lastKnownFileType = wrapper.framework; name = UIKit.framework; path = System/Library/Frameworks/UIKit.framework; sourceTree = SDKROOT; };
		B9299760151979FC007AE28A /* Foundation.framework */ = {isa = PBXFileReference; lastKnownFileType = wrapper.framework; name = Foundation.framework; path = System/Library/Frameworks/Foundation.framework; sourceTree = SDKROOT; };
		B9299762151979FC007AE28A /* CoreGraphics.framework */ = {isa = PBXFileReference; lastKnownFileType = wrapper.framework; name = CoreGraphics.framework; path = System/Library/Frameworks/CoreGraphics.framework; sourceTree = SDKROOT; };
		B9299766151979FC007AE28A /* iBrowserSQLite-Info.plist */ = {isa = PBXFileReference; lastKnownFileType = text.plist.xml; path = "iBrowserSQLite-Info.plist"; sourceTree = "<group>"; };
		B9299768151979FC007AE28A /* en */ = {isa = PBXFileReference; lastKnownFileType = text.plist.strings; name = en; path = en.lproj/InfoPlist.strings; sourceTree = "<group>"; };
		B929976A151979FC007AE28A /* main.m */ = {isa = PBXFileReference; lastKnownFileType = sourcecode.c.objc; path = main.m; sourceTree = "<group>"; };
		B929976C151979FC007AE28A /* iBrowserSQLite-Prefix.pch */ = {isa = PBXFileReference; lastKnownFileType = sourcecode.c.h; path = "iBrowserSQLite-Prefix.pch"; sourceTree = "<group>"; };
		B929976D151979FC007AE28A /* AppDelegate.h */ = {isa = PBXFileReference; lastKnownFileType = sourcecode.c.h; path = AppDelegate.h; sourceTree = "<group>"; };
		B929976E151979FC007AE28A /* AppDelegate.m */ = {isa = PBXFileReference; lastKnownFileType = sourcecode.c.objc; path = AppDelegate.m; sourceTree = "<group>"; };
		B9299771151979FC007AE28A /* en */ = {isa = PBXFileReference; lastKnownFileType = file.storyboard; name = en; path = en.lproj/MainStoryboard.storyboard; sourceTree = "<group>"; };
		B9299773151979FC007AE28A /* ViewController.h */ = {isa = PBXFileReference; lastKnownFileType = sourcecode.c.h; path = ViewController.h; sourceTree = "<group>"; };
		B9299774151979FC007AE28A /* ViewController.m */ = {isa = PBXFileReference; lastKnownFileType = sourcecode.c.objc; path = ViewController.m; sourceTree = "<group>"; };
		B929977B15197A3B007AE28A /* ManagerSQLiteSingleton.h */ = {isa = PBXFileReference; fileEncoding = 4; lastKnownFileType = sourcecode.c.h; path = ManagerSQLiteSingleton.h; sourceTree = "<group>"; };
		B929977C15197A3B007AE28A /* ManagerSQLiteSingleton.m */ = {isa = PBXFileReference; fileEncoding = 4; lastKnownFileType = sourcecode.c.objc; path = ManagerSQLiteSingleton.m; sourceTree = "<group>"; };
		B929977D15197A3B007AE28A /* scriptDB.sql */ = {isa = PBXFileReference; fileEncoding = 4; lastKnownFileType = text; path = scriptDB.sql; sourceTree = "<group>"; };
		B929978015197D81007AE28A /* libsqlite3.dylib */ = {isa = PBXFileReference; lastKnownFileType = "compiled.mach-o.dylib"; name = libsqlite3.dylib; path = usr/lib/libsqlite3.dylib; sourceTree = SDKROOT; };
		B974C1CC151AB22F001D770E /* sqlite3.png */ = {isa = PBXFileReference; lastKnownFileType = image.png; path = sqlite3.png; sourceTree = "<group>"; };
/* End PBXFileReference section */

/* Begin PBXFrameworksBuildPhase section */
		B9299757151979FC007AE28A /* Frameworks */ = {
			isa = PBXFrameworksBuildPhase;
			buildActionMask = 2147483647;
			files = (
				B929978115197D81007AE28A /* libsqlite3.dylib in Frameworks */,
				B929975F151979FC007AE28A /* UIKit.framework in Frameworks */,
				B9299761151979FC007AE28A /* Foundation.framework in Frameworks */,
				B9299763151979FC007AE28A /* CoreGraphics.framework in Frameworks */,
			);
			runOnlyForDeploymentPostprocessing = 0;
		};
/* End PBXFrameworksBuildPhase section */

/* Begin PBXGroup section */
		B929974F151979FC007AE28A = {
			isa = PBXGroup;
			children = (
				B9299764151979FC007AE28A /* iBrowserSQLite */,
				B929975D151979FC007AE28A /* Frameworks */,
				B929975B151979FC007AE28A /* Products */,
			);
			sourceTree = "<group>";
		};
		B929975B151979FC007AE28A /* Products */ = {
			isa = PBXGroup;
			children = (
				B929975A151979FC007AE28A /* iBrowserSQLite.app */,
			);
			name = Products;
			sourceTree = "<group>";
		};
		B929975D151979FC007AE28A /* Frameworks */ = {
			isa = PBXGroup;
			children = (
				B929978015197D81007AE28A /* libsqlite3.dylib */,
				B929975E151979FC007AE28A /* UIKit.framework */,
				B9299760151979FC007AE28A /* Foundation.framework */,
				B9299762151979FC007AE28A /* CoreGraphics.framework */,
			);
			name = Frameworks;
			sourceTree = "<group>";
		};
		B9299764151979FC007AE28A /* iBrowserSQLite */ = {
			isa = PBXGroup;
			children = (
				B929976D151979FC007AE28A /* AppDelegate.h */,
				B929976E151979FC007AE28A /* AppDelegate.m */,
				B9299770151979FC007AE28A /* MainStoryboard.storyboard */,
				B9299773151979FC007AE28A /* ViewController.h */,
				B9299774151979FC007AE28A /* ViewController.m */,
				B929977B15197A3B007AE28A /* ManagerSQLiteSingleton.h */,
				B929977C15197A3B007AE28A /* ManagerSQLiteSingleton.m */,
				B9299765151979FC007AE28A /* Supporting Files */,
			);
			path = iBrowserSQLite;
			sourceTree = "<group>";
		};
		B9299765151979FC007AE28A /* Supporting Files */ = {
			isa = PBXGroup;
			children = (
				B974C1CC151AB22F001D770E /* sqlite3.png */,
				B929977D15197A3B007AE28A /* scriptDB.sql */,
				B9299766151979FC007AE28A /* iBrowserSQLite-Info.plist */,
				B9299767151979FC007AE28A /* InfoPlist.strings */,
				B929976A151979FC007AE28A /* main.m */,
				B929976C151979FC007AE28A /* iBrowserSQLite-Prefix.pch */,
			);
			name = "Supporting Files";
			sourceTree = "<group>";
		};
/* End PBXGroup section */

/* Begin PBXNativeTarget section */
		B9299759151979FC007AE28A /* iBrowserSQLite */ = {
			isa = PBXNativeTarget;
			buildConfigurationList = B9299778151979FC007AE28A /* Build configuration list for PBXNativeTarget "iBrowserSQLite" */;
			buildPhases = (
				B9299756151979FC007AE28A /* Sources */,
				B9299757151979FC007AE28A /* Frameworks */,
				B9299758151979FC007AE28A /* Resources */,
			);
			buildRules = (
			);
			dependencies = (
			);
			name = iBrowserSQLite;
			productName = iBrowserSQLite;
			productReference = B929975A151979FC007AE28A /* iBrowserSQLite.app */;
			productType = "com.apple.product-type.application";
		};
/* End PBXNativeTarget section */

/* Begin PBXProject section */
		B9299751151979FC007AE28A /* Project object */ = {
			isa = PBXProject;
			attributes = {
				LastUpgradeCheck = 0430;
			};
			buildConfigurationList = B9299754151979FC007AE28A /* Build configuration list for PBXProject "iBrowserSQLite" */;
			compatibilityVersion = "Xcode 3.2";
			developmentRegion = English;
			hasScannedForEncodings = 0;
			knownRegions = (
				en,
			);
			mainGroup = B929974F151979FC007AE28A;
			productRefGroup = B929975B151979FC007AE28A /* Products */;
			projectDirPath = "";
			projectRoot = "";
			targets = (
				B9299759151979FC007AE28A /* iBrowserSQLite */,
			);
		};
/* End PBXProject section */

/* Begin PBXResourcesBuildPhase section */
		B9299758151979FC007AE28A /* Resources */ = {
			isa = PBXResourcesBuildPhase;
			buildActionMask = 2147483647;
			files = (
				B9299769151979FC007AE28A /* InfoPlist.strings in Resources */,
				B9299772151979FC007AE28A /* MainStoryboard.storyboard in Resources */,
				B929977F15197A3B007AE28A /* scriptDB.sql in Resources */,
				B974C1CD151AB22F001D770E /* sqlite3.png in Resources */,
			);
			runOnlyForDeploymentPostprocessing = 0;
		};
/* End PBXResourcesBuildPhase section */

/* Begin PBXSourcesBuildPhase section */
		B9299756151979FC007AE28A /* Sources */ = {
			isa = PBXSourcesBuildPhase;
			buildActionMask = 2147483647;
			files = (
				B929976B151979FC007AE28A /* main.m in Sources */,
				B929976F151979FC007AE28A /* AppDelegate.m in Sources */,
				B9299775151979FC007AE28A /* ViewController.m in Sources */,
				B929977E15197A3B007AE28A /* ManagerSQLiteSingleton.m in Sources */,
			);
			runOnlyForDeploymentPostprocessing = 0;
		};
/* End PBXSourcesBuildPhase section */

/* Begin PBXVariantGroup section */
		B9299767151979FC007AE28A /* InfoPlist.strings */ = {
			isa = PBXVariantGroup;
			children = (
				B9299768151979FC007AE28A /* en */,
			);
			name = InfoPlist.strings;
			sourceTree = "<group>";
		};
		B9299770151979FC007AE28A /* MainStoryboard.storyboard */ = {
			isa = PBXVariantGroup;
			children = (
				B9299771151979FC007AE28A /* en */,
			);
			name = MainStoryboard.storyboard;
			sourceTree = "<group>";
		};
/* End PBXVariantGroup section */

/* Begin XCBuildConfiguration section */
		B9299776151979FC007AE28A /* Debug */ = {
			isa = XCBuildConfiguration;
			buildSettings = {
				ALWAYS_SEARCH_USER_PATHS = NO;
				ARCHS = "$(ARCHS_STANDARD_32_BIT)";
				CLANG_ENABLE_OBJC_ARC = YES;
				"CODE_SIGN_IDENTITY[sdk=iphoneos*]" = "iPhone Developer";
				COPY_PHASE_STRIP = NO;
				GCC_C_LANGUAGE_STANDARD = gnu99;
				GCC_DYNAMIC_NO_PIC = NO;
				GCC_OPTIMIZATION_LEVEL = 0;
				GCC_PREPROCESSOR_DEFINITIONS = (
					"DEBUG=1",
					"$(inherited)",
				);
				GCC_SYMBOLS_PRIVATE_EXTERN = NO;
				GCC_VERSION = com.apple.compilers.llvm.clang.1_0;
				GCC_WARN_ABOUT_RETURN_TYPE = YES;
				GCC_WARN_UNINITIALIZED_AUTOS = YES;
				GCC_WARN_UNUSED_VARIABLE = YES;
				IPHONEOS_DEPLOYMENT_TARGET = 5.1;
				SDKROOT = iphoneos;
				TARGETED_DEVICE_FAMILY = 2;
			};
			name = Debug;
		};
		B9299777151979FC007AE28A /* Release */ = {
			isa = XCBuildConfiguration;
			buildSettings = {
				ALWAYS_SEARCH_USER_PATHS = NO;
				ARCHS = "$(ARCHS_STANDARD_32_BIT)";
				CLANG_ENABLE_OBJC_ARC = YES;
				"CODE_SIGN_IDENTITY[sdk=iphoneos*]" = "iPhone Developer";
				COPY_PHASE_STRIP = YES;
				GCC_C_LANGUAGE_STANDARD = gnu99;
				GCC_VERSION = com.apple.compilers.llvm.clang.1_0;
				GCC_WARN_ABOUT_RETURN_TYPE = YES;
				GCC_WARN_UNINITIALIZED_AUTOS = YES;
				GCC_WARN_UNUSED_VARIABLE = YES;
				IPHONEOS_DEPLOYMENT_TARGET = 5.1;
				OTHER_CFLAGS = "-DNS_BLOCK_ASSERTIONS=1";
				SDKROOT = iphoneos;
				TARGETED_DEVICE_FAMILY = 2;
				VALIDATE_PRODUCT = YES;
			};
			name = Release;
		};
		B9299779151979FC007AE28A /* Debug */ = {
			isa = XCBuildConfiguration;
			buildSettings = {
				GCC_PRECOMPILE_PREFIX_HEADER = YES;
				GCC_PREFIX_HEADER = "iBrowserSQLite/iBrowserSQLite-Prefix.pch";
				INFOPLIST_FILE = "iBrowserSQLite/iBrowserSQLite-Info.plist";
				PRODUCT_NAME = "$(TARGET_NAME)";
				WRAPPER_EXTENSION = app;
			};
			name = Debug;
		};
		B929977A151979FC007AE28A /* Release */ = {
			isa = XCBuildConfiguration;
			buildSettings = {
				GCC_PRECOMPILE_PREFIX_HEADER = YES;
				GCC_PREFIX_HEADER = "iBrowserSQLite/iBrowserSQLite-Prefix.pch";
				INFOPLIST_FILE = "iBrowserSQLite/iBrowserSQLite-Info.plist";
				PRODUCT_NAME = "$(TARGET_NAME)";
				WRAPPER_EXTENSION = app;
			};
			name = Release;
		};
/* End XCBuildConfiguration section */

/* Begin XCConfigurationList section */
		B9299754151979FC007AE28A /* Build configuration list for PBXProject "iBrowserSQLite" */ = {
			isa = XCConfigurationList;
			buildConfigurations = (
				B9299776151979FC007AE28A /* Debug */,
				B9299777151979FC007AE28A /* Release */,
			);
			defaultConfigurationIsVisible = 0;
			defaultConfigurationName = Release;
		};
		B9299778151979FC007AE28A /* Build configuration list for PBXNativeTarget "iBrowserSQLite" */ = {
			isa = XCConfigurationList;
			buildConfigurations = (
				B9299779151979FC007AE28A /* Debug */,
				B929977A151979FC007AE28A /* Release */,
			);
			defaultConfigurationIsVisible = 0;
			defaultConfigurationName = Release;
		};
/* End XCConfigurationList section */
	};
	rootObject = B9299751151979FC007AE28A /* Project object */;
}
